
Microsoft Visual Studio Solution File, Format Version 12.00
# Visual Studio Version 17
VisualStudioVersion = 17.3.32819.101
MinimumVisualStudioVersion = 10.0.40219.1
Project("{FAE04EC0-301F-11D3-BF4B-00C04F79EFBC}") = "FuzzyLogic", "FuzzyLogic\FuzzyLogic.csproj", "{45844D8B-9431-481A-94BD-65B1D4CB301B}"
EndProject
Global
	GlobalSection(SolutionConfigurationPlatforms) = preSolution
		Debug|Any CPU = Debug|Any CPU
		Release|Any CPU = Release|Any CPU
	EndGlobalSection
	GlobalSection(ProjectConfigurationPlatforms) = postSolution
		{45844D8B-9431-481A-94BD-65B1D4CB301B}.Debug|Any CPU.ActiveCfg = Debug|Any CPU
		{45844D8B-9431-481A-94BD-65B1D4CB301B}.Debug|Any CPU.Build.0 = Debug|Any CPU
		{45844D8B-9431-481A-94BD-65B1D4CB301B}.Release|Any CPU.ActiveCfg = Release|Any CPU
		{45844D8B-9431-481A-94BD-65B1D4CB301B}.Release|Any CPU.Build.0 = Release|Any CPU
	EndGlobalSection
	GlobalSection(SolutionProperties) = preSolution
		HideSolutionNode = FALSE
	EndGlobalSection
	GlobalSection(ExtensibilityGlobals) = postSolution
		SolutionGuid = {8C1A46DD-D6FE-409E-9213-C9D9B35DA037}
	EndGlobalSection
EndGlobal
